
Microsoft Visual Studio Solution File, Format Version 12.00
# Visual Studio Version 17
VisualStudioVersion = 17.0.31903.59
MinimumVisualStudioVersion = 10.0.40219.1
Project("{2150E333-8FDC-42A3-9474-1A3956D46DE8}") = "src", "src", "{827E0CD3-B72D-47B6-A68D-7590B98EB39B}"
EndProject
Project("{FAE04EC0-301F-11D3-BF4B-00C04F79EFBC}") = "GeoAssets.Core", "src\GeoAssets.Core\GeoAssets.Core.csproj", "{F8860757-71B6-407D-B3F2-9E0FB68146A9}"
EndProject
Project("{FAE04EC0-301F-11D3-BF4B-00C04F79EFBC}") = "GeoAssets.Shared", "src\GeoAssets.Shared\GeoAssets.Shared.csproj", "{286CBABC-75E1-49D6-9248-B386B007B92C}"
EndProject
Project("{FAE04EC0-301F-11D3-BF4B-00C04F79EFBC}") = "GeoAssets.Web", "src\GeoAssets.Web\GeoAssets.Web.csproj", "{449C5591-9B31-4935-A4B2-128842E7ECC5}"
EndProject
Project("{FAE04EC0-301F-11D3-BF4B-00C04F79EFBC}") = "GeoAssets.Commands", "src\GeoAssets.Commands\GeoAssets.Commands.csproj", "{A1B2C3D4-E5F6-7890-ABCD-EF1234567890}"
EndProject
Project("{FAE04EC0-301F-11D3-BF4B-00C04F79EFBC}") = "GeoAssets.Commands.Builtin", "src\GeoAssets.Commands.Builtin\GeoAssets.Commands.Builtin.csproj", "{B2C3D4E5-F6A7-8901-BCDE-F12345678901}"
EndProject
Project("{FAE04EC0-301F-11D3-BF4B-00C04F79EFBC}") = "GeoAssets.Plugin.Hydrology", "plugins\commands\GeoAssets.Plugin.Hydrology\GeoAssets.Plugin.Hydrology.csproj", "{C3D4E5F6-A7B8-9012-CDEF-123456789012}"
EndProject
Project("{FAE04EC0-301F-11D3-BF4B-00C04F79EFBC}") = "GeoAssets.Workflow", "src\GeoAssets.Workflow\GeoAssets.Workflow.csproj", "{D4E5F6A7-B8C9-0123-DEFA-234567890123}"
EndProject
Project("{FAE04EC0-301F-11D3-BF4B-00C04F79EFBC}") = "GeoAssets.Identity", "src\GeoAssets.Identity\GeoAssets.Identity.csproj", "{E5F6A7B8-C9D0-1234-EFAB-345678901234}"
EndProject
Project("{2150E333-8FDC-42A3-9474-1A3956D46DE8}") = "examples", "examples", "{B36A84DF-456D-A817-6EDD-3EC3E7F6E11F}"
EndProject
Project("{FAE04EC0-301F-11D3-BF4B-00C04F79EFBC}") = "GeoAssets.Examples", "examples\GeoAssets.Examples.csproj", "{ECF232FE-E646-4CFB-85FC-555085C1E1BE}"
EndProject
Project("{FAE04EC0-301F-11D3-BF4B-00C04F79EFBC}") = "GeoAssets.Identity.EFCore", "src\GeoAssets.Identity.EFCore\GeoAssets.Identity.EFCore.csproj", "{902F1EB4-B569-4643-BCD7-06029E457F22}"
EndProject
Project("{FAE04EC0-301F-11D3-BF4B-00C04F79EFBC}") = "GeoAssets.Workflow.EFCore", "src\GeoAssets.Workflow.EFCore\GeoAssets.Workflow.EFCore.csproj", "{97D8C94A-5C3E-43AA-AFCB-ADE221555A9A}"
EndProject
Project("{FAE04EC0-301F-11D3-BF4B-00C04F79EFBC}") = "GeoAssets.Workflow.Messaging.ServiceBus", "src\GeoAssets.Workflow.Messaging.ServiceBus\GeoAssets.Workflow.Messaging.ServiceBus.csproj", "{F949F8E3-5F4D-42B3-9F07-7FC2269F1DED}"
EndProject
Project("{FAE04EC0-301F-11D3-BF4B-00C04F79EFBC}") = "GeoAssets.Workflow.Messaging.Kafka", "src\GeoAssets.Workflow.Messaging.Kafka\GeoAssets.Workflow.Messaging.Kafka.csproj", "{EE19FD03-1BDE-4C3A-ABCB-F00345531CF7}"
EndProject
Global
	GlobalSection(SolutionConfigurationPlatforms) = preSolution
		Debug|Any CPU = Debug|Any CPU
		Debug|x64 = Debug|x64
		Debug|x86 = Debug|x86
		Release|Any CPU = Release|Any CPU
		Release|x64 = Release|x64
		Release|x86 = Release|x86
	EndGlobalSection
	GlobalSection(ProjectConfigurationPlatforms) = postSolution
		{F8860757-71B6-407D-B3F2-9E0FB68146A9}.Debug|Any CPU.ActiveCfg = Debug|Any CPU
		{F8860757-71B6-407D-B3F2-9E0FB68146A9}.Debug|Any CPU.Build.0 = Debug|Any CPU
		{F8860757-71B6-407D-B3F2-9E0FB68146A9}.Debug|x64.ActiveCfg = Debug|Any CPU
		{F8860757-71B6-407D-B3F2-9E0FB68146A9}.Debug|x64.Build.0 = Debug|Any CPU
		{F8860757-71B6-407D-B3F2-9E0FB68146A9}.Debug|x86.ActiveCfg = Debug|Any CPU
		{F8860757-71B6-407D-B3F2-9E0FB68146A9}.Debug|x86.Build.0 = Debug|Any CPU
		{F8860757-71B6-407D-B3F2-9E0FB68146A9}.Release|Any CPU.ActiveCfg = Release|Any CPU
		{F8860757-71B6-407D-B3F2-9E0FB68146A9}.Release|Any CPU.Build.0 = Release|Any CPU
		{F8860757-71B6-407D-B3F2-9E0FB68146A9}.Release|x64.ActiveCfg = Release|Any CPU
		{F8860757-71B6-407D-B3F2-9E0FB68146A9}.Release|x64.Build.0 = Release|Any CPU
		{F8860757-71B6-407D-B3F2-9E0FB68146A9}.Release|x86.ActiveCfg = Release|Any CPU
		{F8860757-71B6-407D-B3F2-9E0FB68146A9}.Release|x86.Build.0 = Release|Any CPU
		{286CBABC-75E1-49D6-9248-B386B007B92C}.Debug|Any CPU.ActiveCfg = Debug|Any CPU
		{286CBABC-75E1-49D6-9248-B386B007B92C}.Debug|Any CPU.Build.0 = Debug|Any CPU
		{286CBABC-75E1-49D6-9248-B386B007B92C}.Debug|x64.ActiveCfg = Debug|Any CPU
		{286CBABC-75E1-49D6-9248-B386B007B92C}.Debug|x64.Build.0 = Debug|Any CPU
		{286CBABC-75E1-49D6-9248-B386B007B92C}.Debug|x86.ActiveCfg = Debug|Any CPU
		{286CBABC-75E1-49D6-9248-B386B007B92C}.Debug|x86.Build.0 = Debug|Any CPU
		{286CBABC-75E1-49D6-9248-B386B007B92C}.Release|Any CPU.ActiveCfg = Release|Any CPU
		{286CBABC-75E1-49D6-9248-B386B007B92C}.Release|Any CPU.Build.0 = Release|Any CPU
		{286CBABC-75E1-49D6-9248-B386B007B92C}.Release|x64.ActiveCfg = Release|Any CPU
		{286CBABC-75E1-49D6-9248-B386B007B92C}.Release|x64.Build.0 = Release|Any CPU
		{286CBABC-75E1-49D6-9248-B386B007B92C}.Release|x86.ActiveCfg = Release|Any CPU
		{286CBABC-75E1-49D6-9248-B386B007B92C}.Release|x86.Build.0 = Release|Any CPU
		{449C5591-9B31-4935-A4B2-128842E7ECC5}.Debug|Any CPU.ActiveCfg = Debug|Any CPU
		{449C5591-9B31-4935-A4B2-128842E7ECC5}.Debug|Any CPU.Build.0 = Debug|Any CPU
		{449C5591-9B31-4935-A4B2-128842E7ECC5}.Debug|x64.ActiveCfg = Debug|Any CPU
		{449C5591-9B31-4935-A4B2-128842E7ECC5}.Debug|x64.Build.0 = Debug|Any CPU
		{449C5591-9B31-4935-A4B2-128842E7ECC5}.Debug|x86.ActiveCfg = Debug|Any CPU
		{449C5591-9B31-4935-A4B2-128842E7ECC5}.Debug|x86.Build.0 = Debug|Any CPU
		{449C5591-9B31-4935-A4B2-128842E7ECC5}.Release|Any CPU.ActiveCfg = Release|Any CPU
		{449C5591-9B31-4935-A4B2-128842E7ECC5}.Release|Any CPU.Build.0 = Release|Any CPU
		{449C5591-9B31-4935-A4B2-128842E7ECC5}.Release|x64.ActiveCfg = Release|Any CPU
		{449C5591-9B31-4935-A4B2-128842E7ECC5}.Release|x64.Build.0 = Release|Any CPU
		{449C5591-9B31-4935-A4B2-128842E7ECC5}.Release|x86.ActiveCfg = Release|Any CPU
		{449C5591-9B31-4935-A4B2-128842E7ECC5}.Release|x86.Build.0 = Release|Any CPU
		{A1B2C3D4-E5F6-7890-ABCD-EF1234567890}.Debug|Any CPU.ActiveCfg = Debug|Any CPU
		{A1B2C3D4-E5F6-7890-ABCD-EF1234567890}.Debug|Any CPU.Build.0 = Debug|Any CPU
		{A1B2C3D4-E5F6-7890-ABCD-EF1234567890}.Debug|x64.ActiveCfg = Debug|Any CPU
		{A1B2C3D4-E5F6-7890-ABCD-EF1234567890}.Debug|x64.Build.0 = Debug|Any CPU
		{A1B2C3D4-E5F6-7890-ABCD-EF1234567890}.Debug|x86.ActiveCfg = Debug|Any CPU
		{A1B2C3D4-E5F6-7890-ABCD-EF1234567890}.Debug|x86.Build.0 = Debug|Any CPU
		{A1B2C3D4-E5F6-7890-ABCD-EF1234567890}.Release|Any CPU.ActiveCfg = Release|Any CPU
		{A1B2C3D4-E5F6-7890-ABCD-EF1234567890}.Release|Any CPU.Build.0 = Release|Any CPU
		{A1B2C3D4-E5F6-7890-ABCD-EF1234567890}.Release|x64.ActiveCfg = Release|Any CPU
		{A1B2C3D4-E5F6-7890-ABCD-EF1234567890}.Release|x64.Build.0 = Release|Any CPU
		{A1B2C3D4-E5F6-7890-ABCD-EF1234567890}.Release|x86.ActiveCfg = Release|Any CPU
		{A1B2C3D4-E5F6-7890-ABCD-EF1234567890}.Release|x86.Build.0 = Release|Any CPU
		{B2C3D4E5-F6A7-8901-BCDE-F12345678901}.Debug|Any CPU.ActiveCfg = Debug|Any CPU
		{B2C3D4E5-F6A7-8901-BCDE-F12345678901}.Debug|Any CPU.Build.0 = Debug|Any CPU
		{B2C3D4E5-F6A7-8901-BCDE-F12345678901}.Debug|x64.ActiveCfg = Debug|Any CPU
		{B2C3D4E5-F6A7-8901-BCDE-F12345678901}.Debug|x64.Build.0 = Debug|Any CPU
		{B2C3D4E5-F6A7-8901-BCDE-F12345678901}.Debug|x86.ActiveCfg = Debug|Any CPU
		{B2C3D4E5-F6A7-8901-BCDE-F12345678901}.Debug|x86.Build.0 = Debug|Any CPU
		{B2C3D4E5-F6A7-8901-BCDE-F12345678901}.Release|Any CPU.ActiveCfg = Release|Any CPU
		{B2C3D4E5-F6A7-8901-BCDE-F12345678901}.Release|Any CPU.Build.0 = Release|Any CPU
		{B2C3D4E5-F6A7-8901-BCDE-F12345678901}.Release|x64.ActiveCfg = Release|Any CPU
		{B2C3D4E5-F6A7-8901-BCDE-F12345678901}.Release|x64.Build.0 = Release|Any CPU
		{B2C3D4E5-F6A7-8901-BCDE-F12345678901}.Release|x86.ActiveCfg = Release|Any CPU
		{B2C3D4E5-F6A7-8901-BCDE-F12345678901}.Release|x86.Build.0 = Release|Any CPU
		{C3D4E5F6-A7B8-9012-CDEF-123456789012}.Debug|Any CPU.ActiveCfg = Debug|Any CPU
		{C3D4E5F6-A7B8-9012-CDEF-123456789012}.Debug|Any CPU.Build.0 = Debug|Any CPU
		{C3D4E5F6-A7B8-9012-CDEF-123456789012}.Debug|x64.ActiveCfg = Debug|Any CPU
		{C3D4E5F6-A7B8-9012-CDEF-123456789012}.Debug|x64.Build.0 = Debug|Any CPU
		{C3D4E5F6-A7B8-9012-CDEF-123456789012}.Debug|x86.ActiveCfg = Debug|Any CPU
		{C3D4E5F6-A7B8-9012-CDEF-123456789012}.Debug|x86.Build.0 = Debug|Any CPU
		{C3D4E5F6-A7B8-9012-CDEF-123456789012}.Release|Any CPU.ActiveCfg = Release|Any CPU
		{C3D4E5F6-A7B8-9012-CDEF-123456789012}.Release|Any CPU.Build.0 = Release|Any CPU
		{C3D4E5F6-A7B8-9012-CDEF-123456789012}.Release|x64.ActiveCfg = Release|Any CPU
		{C3D4E5F6-A7B8-9012-CDEF-123456789012}.Release|x64.Build.0 = Release|Any CPU
		{C3D4E5F6-A7B8-9012-CDEF-123456789012}.Release|x86.ActiveCfg = Release|Any CPU
		{C3D4E5F6-A7B8-9012-CDEF-123456789012}.Release|x86.Build.0 = Release|Any CPU
		{D4E5F6A7-B8C9-0123-DEFA-234567890123}.Debug|Any CPU.ActiveCfg = Debug|Any CPU
		{D4E5F6A7-B8C9-0123-DEFA-234567890123}.Debug|Any CPU.Build.0 = Debug|Any CPU
		{D4E5F6A7-B8C9-0123-DEFA-234567890123}.Debug|x64.ActiveCfg = Debug|Any CPU
		{D4E5F6A7-B8C9-0123-DEFA-234567890123}.Debug|x64.Build.0 = Debug|Any CPU
		{D4E5F6A7-B8C9-0123-DEFA-234567890123}.Debug|x86.ActiveCfg = Debug|Any CPU
		{D4E5F6A7-B8C9-0123-DEFA-234567890123}.Debug|x86.Build.0 = Debug|Any CPU
		{D4E5F6A7-B8C9-0123-DEFA-234567890123}.Release|Any CPU.ActiveCfg = Release|Any CPU
		{D4E5F6A7-B8C9-0123-DEFA-234567890123}.Release|Any CPU.Build.0 = Release|Any CPU
		{D4E5F6A7-B8C9-0123-DEFA-234567890123}.Release|x64.ActiveCfg = Release|Any CPU
		{D4E5F6A7-B8C9-0123-DEFA-234567890123}.Release|x64.Build.0 = Release|Any CPU
		{D4E5F6A7-B8C9-0123-DEFA-234567890123}.Release|x86.ActiveCfg = Release|Any CPU
		{D4E5F6A7-B8C9-0123-DEFA-234567890123}.Release|x86.Build.0 = Release|Any CPU
		{E5F6A7B8-C9D0-1234-EFAB-345678901234}.Debug|Any CPU.ActiveCfg = Debug|Any CPU
		{E5F6A7B8-C9D0-1234-EFAB-345678901234}.Debug|Any CPU.Build.0 = Debug|Any CPU
		{E5F6A7B8-C9D0-1234-EFAB-345678901234}.Debug|x64.ActiveCfg = Debug|Any CPU
		{E5F6A7B8-C9D0-1234-EFAB-345678901234}.Debug|x64.Build.0 = Debug|Any CPU
		{E5F6A7B8-C9D0-1234-EFAB-345678901234}.Debug|x86.ActiveCfg = Debug|Any CPU
		{E5F6A7B8-C9D0-1234-EFAB-345678901234}.Debug|x86.Build.0 = Debug|Any CPU
		{E5F6A7B8-C9D0-1234-EFAB-345678901234}.Release|Any CPU.ActiveCfg = Release|Any CPU
		{E5F6A7B8-C9D0-1234-EFAB-345678901234}.Release|Any CPU.Build.0 = Release|Any CPU
		{E5F6A7B8-C9D0-1234-EFAB-345678901234}.Release|x64.ActiveCfg = Release|Any CPU
		{E5F6A7B8-C9D0-1234-EFAB-345678901234}.Release|x64.Build.0 = Release|Any CPU
		{E5F6A7B8-C9D0-1234-EFAB-345678901234}.Release|x86.ActiveCfg = Release|Any CPU
		{E5F6A7B8-C9D0-1234-EFAB-345678901234}.Release|x86.Build.0 = Release|Any CPU
		{ECF232FE-E646-4CFB-85FC-555085C1E1BE}.Debug|Any CPU.ActiveCfg = Debug|Any CPU
		{ECF232FE-E646-4CFB-85FC-555085C1E1BE}.Debug|Any CPU.Build.0 = Debug|Any CPU
		{ECF232FE-E646-4CFB-85FC-555085C1E1BE}.Debug|x64.ActiveCfg = Debug|Any CPU
		{ECF232FE-E646-4CFB-85FC-555085C1E1BE}.Debug|x64.Build.0 = Debug|Any CPU
		{ECF232FE-E646-4CFB-85FC-555085C1E1BE}.Debug|x86.ActiveCfg = Debug|Any CPU
		{ECF232FE-E646-4CFB-85FC-555085C1E1BE}.Debug|x86.Build.0 = Debug|Any CPU
		{ECF232FE-E646-4CFB-85FC-555085C1E1BE}.Release|Any CPU.ActiveCfg = Release|Any CPU
		{ECF232FE-E646-4CFB-85FC-555085C1E1BE}.Release|Any CPU.Build.0 = Release|Any CPU
		{ECF232FE-E646-4CFB-85FC-555085C1E1BE}.Release|x64.ActiveCfg = Release|Any CPU
		{ECF232FE-E646-4CFB-85FC-555085C1E1BE}.Release|x64.Build.0 = Release|Any CPU
		{ECF232FE-E646-4CFB-85FC-555085C1E1BE}.Release|x86.ActiveCfg = Release|Any CPU
		{ECF232FE-E646-4CFB-85FC-555085C1E1BE}.Release|x86.Build.0 = Release|Any CPU
		{902F1EB4-B569-4643-BCD7-06029E457F22}.Debug|Any CPU.ActiveCfg = Debug|Any CPU
		{902F1EB4-B569-4643-BCD7-06029E457F22}.Debug|Any CPU.Build.0 = Debug|Any CPU
		{902F1EB4-B569-4643-BCD7-06029E457F22}.Debug|x64.ActiveCfg = Debug|Any CPU
		{902F1EB4-B569-4643-BCD7-06029E457F22}.Debug|x64.Build.0 = Debug|Any CPU
		{902F1EB4-B569-4643-BCD7-06029E457F22}.Debug|x86.ActiveCfg = Debug|Any CPU
		{902F1EB4-B569-4643-BCD7-06029E457F22}.Debug|x86.Build.0 = Debug|Any CPU
		{902F1EB4-B569-4643-BCD7-06029E457F22}.Release|Any CPU.ActiveCfg = Release|Any CPU
		{902F1EB4-B569-4643-BCD7-06029E457F22}.Release|Any CPU.Build.0 = Release|Any CPU
		{902F1EB4-B569-4643-BCD7-06029E457F22}.Release|x64.ActiveCfg = Release|Any CPU
		{902F1EB4-B569-4643-BCD7-06029E457F22}.Release|x64.Build.0 = Release|Any CPU
		{902F1EB4-B569-4643-BCD7-06029E457F22}.Release|x86.ActiveCfg = Release|Any CPU
		{902F1EB4-B569-4643-BCD7-06029E457F22}.Release|x86.Build.0 = Release|Any CPU
		{97D8C94A-5C3E-43AA-AFCB-ADE221555A9A}.Debug|Any CPU.ActiveCfg = Debug|Any CPU
		{97D8C94A-5C3E-43AA-AFCB-ADE221555A9A}.Debug|Any CPU.Build.0 = Debug|Any CPU
		{97D8C94A-5C3E-43AA-AFCB-ADE221555A9A}.Debug|x64.ActiveCfg = Debug|Any CPU
		{97D8C94A-5C3E-43AA-AFCB-ADE221555A9A}.Debug|x64.Build.0 = Debug|Any CPU
		{97D8C94A-5C3E-43AA-AFCB-ADE221555A9A}.Debug|x86.ActiveCfg = Debug|Any CPU
		{97D8C94A-5C3E-43AA-AFCB-ADE221555A9A}.Debug|x86.Build.0 = Debug|Any CPU
		{97D8C94A-5C3E-43AA-AFCB-ADE221555A9A}.Release|Any CPU.ActiveCfg = Release|Any CPU
		{97D8C94A-5C3E-43AA-AFCB-ADE221555A9A}.Release|Any CPU.Build.0 = Release|Any CPU
		{97D8C94A-5C3E-43AA-AFCB-ADE221555A9A}.Release|x64.ActiveCfg = Release|Any CPU
		{97D8C94A-5C3E-43AA-AFCB-ADE221555A9A}.Release|x64.Build.0 = Release|Any CPU
		{97D8C94A-5C3E-43AA-AFCB-ADE221555A9A}.Release|x86.ActiveCfg = Release|Any CPU
		{97D8C94A-5C3E-43AA-AFCB-ADE221555A9A}.Release|x86.Build.0 = Release|Any CPU
		{F949F8E3-5F4D-42B3-9F07-7FC2269F1DED}.Debug|Any CPU.ActiveCfg = Debug|Any CPU
		{F949F8E3-5F4D-42B3-9F07-7FC2269F1DED}.Debug|Any CPU.Build.0 = Debug|Any CPU
		{F949F8E3-5F4D-42B3-9F07-7FC2269F1DED}.Debug|x64.ActiveCfg = Debug|Any CPU
		{F949F8E3-5F4D-42B3-9F07-7FC2269F1DED}.Debug|x64.Build.0 = Debug|Any CPU
		{F949F8E3-5F4D-42B3-9F07-7FC2269F1DED}.Debug|x86.ActiveCfg = Debug|Any CPU
		{F949F8E3-5F4D-42B3-9F07-7FC2269F1DED}.Debug|x86.Build.0 = Debug|Any CPU
		{F949F8E3-5F4D-42B3-9F07-7FC2269F1DED}.Release|Any CPU.ActiveCfg = Release|Any CPU
		{F949F8E3-5F4D-42B3-9F07-7FC2269F1DED}.Release|Any CPU.Build.0 = Release|Any CPU
		{F949F8E3-5F4D-42B3-9F07-7FC2269F1DED}.Release|x64.ActiveCfg = Release|Any CPU
		{F949F8E3-5F4D-42B3-9F07-7FC2269F1DED}.Release|x64.Build.0 = Release|Any CPU
		{F949F8E3-5F4D-42B3-9F07-7FC2269F1DED}.Release|x86.ActiveCfg = Release|Any CPU
		{F949F8E3-5F4D-42B3-9F07-7FC2269F1DED}.Release|x86.Build.0 = Release|Any CPU
		{EE19FD03-1BDE-4C3A-ABCB-F00345531CF7}.Debug|Any CPU.ActiveCfg = Debug|Any CPU
		{EE19FD03-1BDE-4C3A-ABCB-F00345531CF7}.Debug|Any CPU.Build.0 = Debug|Any CPU
		{EE19FD03-1BDE-4C3A-ABCB-F00345531CF7}.Debug|x64.ActiveCfg = Debug|Any CPU
		{EE19FD03-1BDE-4C3A-ABCB-F00345531CF7}.Debug|x64.Build.0 = Debug|Any CPU
		{EE19FD03-1BDE-4C3A-ABCB-F00345531CF7}.Debug|x86.ActiveCfg = Debug|Any CPU
		{EE19FD03-1BDE-4C3A-ABCB-F00345531CF7}.Debug|x86.Build.0 = Debug|Any CPU
		{EE19FD03-1BDE-4C3A-ABCB-F00345531CF7}.Release|Any CPU.ActiveCfg = Release|Any CPU
		{EE19FD03-1BDE-4C3A-ABCB-F00345531CF7}.Release|Any CPU.Build.0 = Release|Any CPU
		{EE19FD03-1BDE-4C3A-ABCB-F00345531CF7}.Release|x64.ActiveCfg = Release|Any CPU
		{EE19FD03-1BDE-4C3A-ABCB-F00345531CF7}.Release|x64.Build.0 = Release|Any CPU
		{EE19FD03-1BDE-4C3A-ABCB-F00345531CF7}.Release|x86.ActiveCfg = Release|Any CPU
		{EE19FD03-1BDE-4C3A-ABCB-F00345531CF7}.Release|x86.Build.0 = Release|Any CPU
	EndGlobalSection
	GlobalSection(SolutionProperties) = preSolution
		HideSolutionNode = FALSE
	EndGlobalSection
	GlobalSection(NestedProjects) = preSolution
		{F8860757-71B6-407D-B3F2-9E0FB68146A9} = {827E0CD3-B72D-47B6-A68D-7590B98EB39B}
		{286CBABC-75E1-49D6-9248-B386B007B92C} = {827E0CD3-B72D-47B6-A68D-7590B98EB39B}
		{449C5591-9B31-4935-A4B2-128842E7ECC5} = {827E0CD3-B72D-47B6-A68D-7590B98EB39B}
		{A1B2C3D4-E5F6-7890-ABCD-EF1234567890} = {827E0CD3-B72D-47B6-A68D-7590B98EB39B}
		{B2C3D4E5-F6A7-8901-BCDE-F12345678901} = {827E0CD3-B72D-47B6-A68D-7590B98EB39B}
		{C3D4E5F6-A7B8-9012-CDEF-123456789012} = {827E0CD3-B72D-47B6-A68D-7590B98EB39B}
		{D4E5F6A7-B8C9-0123-DEFA-234567890123} = {827E0CD3-B72D-47B6-A68D-7590B98EB39B}
		{E5F6A7B8-C9D0-1234-EFAB-345678901234} = {827E0CD3-B72D-47B6-A68D-7590B98EB39B}
		{ECF232FE-E646-4CFB-85FC-555085C1E1BE} = {B36A84DF-456D-A817-6EDD-3EC3E7F6E11F}
		{902F1EB4-B569-4643-BCD7-06029E457F22} = {827E0CD3-B72D-47B6-A68D-7590B98EB39B}
		{97D8C94A-5C3E-43AA-AFCB-ADE221555A9A} = {827E0CD3-B72D-47B6-A68D-7590B98EB39B}
		{F949F8E3-5F4D-42B3-9F07-7FC2269F1DED} = {827E0CD3-B72D-47B6-A68D-7590B98EB39B}
		{EE19FD03-1BDE-4C3A-ABCB-F00345531CF7} = {827E0CD3-B72D-47B6-A68D-7590B98EB39B}
	EndGlobalSection
EndGlobal
