
Microsoft Visual Studio Solution File, Format Version 12.00
# Visual Studio Version 17
VisualStudioVersion = 17.0.31903.59
MinimumVisualStudioVersion = 10.0.40219.1
Project("{2150E333-8FDC-42A3-9474-1A3956D46DE8}") = "core", "core", "{FBF56CC3-7AE6-AD2D-3F14-7F97FD322CD6}"
EndProject
Project("{FAE04EC0-301F-11D3-BF4B-00C04F79EFBC}") = "GeoAssets.Core", "core\GeoAssets.Core\GeoAssets.Core.csproj", "{F8860757-71B6-407D-B3F2-9E0FB68146A9}"
EndProject
Project("{FAE04EC0-301F-11D3-BF4B-00C04F79EFBC}") = "GeoAssets.Shared", "apps\GeoAssets.Shared\GeoAssets.Shared.csproj", "{286CBABC-75E1-49D6-9248-B386B007B92C}"
EndProject
Project("{FAE04EC0-301F-11D3-BF4B-00C04F79EFBC}") = "GeoAssets.Web", "apps\GeoAssets.Web\GeoAssets.Web.csproj", "{449C5591-9B31-4935-A4B2-128842E7ECC5}"
EndProject
Project("{FAE04EC0-301F-11D3-BF4B-00C04F79EFBC}") = "GeoAssets.Server", "apps\GeoAssets.Server\GeoAssets.Server.csproj", "{B1C2D3E4-F5A6-7890-BCDE-F01234567890}"
EndProject
Project("{FAE04EC0-301F-11D3-BF4B-00C04F79EFBC}") = "GeoAssets.Commands", "core\GeoAssets.Commands\GeoAssets.Commands.csproj", "{A1B2C3D4-E5F6-7890-ABCD-EF1234567890}"
EndProject
Project("{FAE04EC0-301F-11D3-BF4B-00C04F79EFBC}") = "GeoAssets.Commands.Builtin", "apps\GeoAssets.Commands.Builtin\GeoAssets.Commands.Builtin.csproj", "{B2C3D4E5-F6A7-8901-BCDE-F12345678901}"
EndProject
Project("{FAE04EC0-301F-11D3-BF4B-00C04F79EFBC}") = "GeoAssets.Plugin.Hydrology", "plugins\commands\GeoAssets.Plugin.Hydrology\GeoAssets.Plugin.Hydrology.csproj", "{C3D4E5F6-A7B8-9012-CDEF-123456789012}"
EndProject
Project("{FAE04EC0-301F-11D3-BF4B-00C04F79EFBC}") = "GeoAssets.Plugin.GeoJsonImport", "plugins\commands\GeoAssets.Plugin.GeoJsonImport\GeoAssets.Plugin.GeoJsonImport.csproj", "{A9B8C7D6-E5F4-3210-FEDC-BA9876543210}"
EndProject
Project("{FAE04EC0-301F-11D3-BF4B-00C04F79EFBC}") = "GeoAssets.Workflow", "core\GeoAssets.Workflow\GeoAssets.Workflow.csproj", "{D4E5F6A7-B8C9-0123-DEFA-234567890123}"
EndProject
Project("{FAE04EC0-301F-11D3-BF4B-00C04F79EFBC}") = "GeoAssets.Identity", "core\GeoAssets.Identity\GeoAssets.Identity.csproj", "{E5F6A7B8-C9D0-1234-EFAB-345678901234}"
EndProject
Project("{2150E333-8FDC-42A3-9474-1A3956D46DE8}") = "examples", "examples", "{B36A84DF-456D-A817-6EDD-3EC3E7F6E11F}"
EndProject
Project("{FAE04EC0-301F-11D3-BF4B-00C04F79EFBC}") = "GeoAssets.Examples", "examples\GeoAssets.Examples.csproj", "{ECF232FE-E646-4CFB-85FC-555085C1E1BE}"
EndProject
Project("{FAE04EC0-301F-11D3-BF4B-00C04F79EFBC}") = "GeoAssets.Identity.EFCore", "apps\GeoAssets.Identity.EFCore\GeoAssets.Identity.EFCore.csproj", "{902F1EB4-B569-4643-BCD7-06029E457F22}"
EndProject
Project("{FAE04EC0-301F-11D3-BF4B-00C04F79EFBC}") = "GeoAssets.Workflow.EFCore", "workflow\GeoAssets.Workflow.EFCore\GeoAssets.Workflow.EFCore.csproj", "{97D8C94A-5C3E-43AA-AFCB-ADE221555A9A}"
EndProject
Project("{FAE04EC0-301F-11D3-BF4B-00C04F79EFBC}") = "GeoAssets.Workflow.Messaging.ServiceBus", "workflow\GeoAssets.Workflow.Messaging.ServiceBus\GeoAssets.Workflow.Messaging.ServiceBus.csproj", "{F949F8E3-5F4D-42B3-9F07-7FC2269F1DED}"
EndProject
Project("{FAE04EC0-301F-11D3-BF4B-00C04F79EFBC}") = "GeoAssets.Workflow.Messaging.Kafka", "workflow\GeoAssets.Workflow.Messaging.Kafka\GeoAssets.Workflow.Messaging.Kafka.csproj", "{EE19FD03-1BDE-4C3A-ABCB-F00345531CF7}"
EndProject
Project("{FAE04EC0-301F-11D3-BF4B-00C04F79EFBC}") = "GeoAssets.Infrastructure.Observability", "core\GeoAssets.Infrastructure.Observability\GeoAssets.Infrastructure.Observability.csproj", "{9193E29B-D03E-463F-86DD-62AA5B0FE6D7}"
EndProject
Project("{2150E333-8FDC-42A3-9474-1A3956D46DE8}") = "providers", "providers", "{D9007A03-FD03-1159-6598-E081D0A1BEBA}"
EndProject
Project("{FAE04EC0-301F-11D3-BF4B-00C04F79EFBC}") = "GeoAssets.Provider.InMemory", "providers\GeoAssets.Provider.InMemory\GeoAssets.Provider.InMemory.csproj", "{7375E71F-2DCE-4523-9B90-A565057EAFA7}"
EndProject
Project("{FAE04EC0-301F-11D3-BF4B-00C04F79EFBC}") = "GeoAssets.Provider.Active", "providers\GeoAssets.Provider.Active\GeoAssets.Provider.Active.csproj", "{951E8D27-0026-4694-A1B2-762266AA0390}"
EndProject
Project("{FAE04EC0-301F-11D3-BF4B-00C04F79EFBC}") = "GeoAssets.Provider.Observable", "providers\GeoAssets.Provider.Observable\GeoAssets.Provider.Observable.csproj", "{B88E9253-0830-4EE2-8803-39198B1BDFAD}"
EndProject
Project("{FAE04EC0-301F-11D3-BF4B-00C04F79EFBC}") = "GeoAssets.Provider.PostgreSQL", "providers\GeoAssets.Provider.PostgreSQL\GeoAssets.Provider.PostgreSQL.csproj", "{C3AA13AC-BBBA-46A8-BE52-7DB723A651D0}"
EndProject
Project("{2150E333-8FDC-42A3-9474-1A3956D46DE8}") = "workflow", "workflow", "{E82C3CE9-5C08-2220-110F-95EADBAB7019}"
EndProject
Project("{FAE04EC0-301F-11D3-BF4B-00C04F79EFBC}") = "GeoAssets.Providers.Utils", "providers\GeoAssets.Providers.Utils\GeoAssets.Providers.Utils.csproj", "{F61314B1-0593-4751-9112-D8DB0BBBB62F}"
EndProject
Project("{FAE04EC0-301F-11D3-BF4B-00C04F79EFBC}") = "GeoAssets.Provider.Rest", "providers\GeoAssets.Provider.Rest\GeoAssets.Provider.Rest.csproj", "{E969FA36-E5A3-4CC1-B1BB-C8079C30CD28}"
EndProject
Project("{2150E333-8FDC-42A3-9474-1A3956D46DE8}") = "apps", "apps", "{5A6B7C8D-9E0F-4321-ABCD-EF0123456789}"
EndProject
Project("{FAE04EC0-301F-11D3-BF4B-00C04F79EFBC}") = "GeoAssets.MAUI", "apps\GeoAssets.MAUI\GeoAssets.MAUI.csproj", "{A5B6C7D8-E9F0-4321-ABCD-EF0123456789}"
EndProject
Project("{2150E333-8FDC-42A3-9474-1A3956D46DE8}") = "plugins", "plugins", "{07D57EEB-2F50-60C4-C011-FE4FA775C9A8}"
EndProject
Project("{2150E333-8FDC-42A3-9474-1A3956D46DE8}") = "commands", "commands", "{188FD46D-F977-CEEC-A207-D22E77EB1264}"
EndProject
Global
	GlobalSection(SolutionConfigurationPlatforms) = preSolution
		Debug|Any CPU = Debug|Any CPU
		Debug|x64 = Debug|x64
		Debug|x86 = Debug|x86
		Release|Any CPU = Release|Any CPU
		Release|x64 = Release|x64
		Release|x86 = Release|x86
	EndGlobalSection
	GlobalSection(ProjectConfigurationPlatforms) = postSolution
		{F8860757-71B6-407D-B3F2-9E0FB68146A9}.Debug|Any CPU.ActiveCfg = Debug|Any CPU
		{F8860757-71B6-407D-B3F2-9E0FB68146A9}.Debug|Any CPU.Build.0 = Debug|Any CPU
		{F8860757-71B6-407D-B3F2-9E0FB68146A9}.Debug|x64.ActiveCfg = Debug|Any CPU
		{F8860757-71B6-407D-B3F2-9E0FB68146A9}.Debug|x64.Build.0 = Debug|Any CPU
		{F8860757-71B6-407D-B3F2-9E0FB68146A9}.Debug|x86.ActiveCfg = Debug|Any CPU
		{F8860757-71B6-407D-B3F2-9E0FB68146A9}.Debug|x86.Build.0 = Debug|Any CPU
		{F8860757-71B6-407D-B3F2-9E0FB68146A9}.Release|Any CPU.ActiveCfg = Release|Any CPU
		{F8860757-71B6-407D-B3F2-9E0FB68146A9}.Release|Any CPU.Build.0 = Release|Any CPU
		{F8860757-71B6-407D-B3F2-9E0FB68146A9}.Release|x64.ActiveCfg = Release|Any CPU
		{F8860757-71B6-407D-B3F2-9E0FB68146A9}.Release|x64.Build.0 = Release|Any CPU
		{F8860757-71B6-407D-B3F2-9E0FB68146A9}.Release|x86.ActiveCfg = Release|Any CPU
		{F8860757-71B6-407D-B3F2-9E0FB68146A9}.Release|x86.Build.0 = Release|Any CPU
		{286CBABC-75E1-49D6-9248-B386B007B92C}.Debug|Any CPU.ActiveCfg = Debug|Any CPU
		{286CBABC-75E1-49D6-9248-B386B007B92C}.Debug|Any CPU.Build.0 = Debug|Any CPU
		{286CBABC-75E1-49D6-9248-B386B007B92C}.Debug|x64.ActiveCfg = Debug|Any CPU
		{286CBABC-75E1-49D6-9248-B386B007B92C}.Debug|x64.Build.0 = Debug|Any CPU
		{286CBABC-75E1-49D6-9248-B386B007B92C}.Debug|x86.ActiveCfg = Debug|Any CPU
		{286CBABC-75E1-49D6-9248-B386B007B92C}.Debug|x86.Build.0 = Debug|Any CPU
		{286CBABC-75E1-49D6-9248-B386B007B92C}.Release|Any CPU.ActiveCfg = Release|Any CPU
		{286CBABC-75E1-49D6-9248-B386B007B92C}.Release|Any CPU.Build.0 = Release|Any CPU
		{286CBABC-75E1-49D6-9248-B386B007B92C}.Release|x64.ActiveCfg = Release|Any CPU
		{286CBABC-75E1-49D6-9248-B386B007B92C}.Release|x64.Build.0 = Release|Any CPU
		{286CBABC-75E1-49D6-9248-B386B007B92C}.Release|x86.ActiveCfg = Release|Any CPU
		{286CBABC-75E1-49D6-9248-B386B007B92C}.Release|x86.Build.0 = Release|Any CPU
		{449C5591-9B31-4935-A4B2-128842E7ECC5}.Debug|Any CPU.ActiveCfg = Debug|Any CPU
		{449C5591-9B31-4935-A4B2-128842E7ECC5}.Debug|Any CPU.Build.0 = Debug|Any CPU
		{449C5591-9B31-4935-A4B2-128842E7ECC5}.Debug|x64.ActiveCfg = Debug|Any CPU
		{449C5591-9B31-4935-A4B2-128842E7ECC5}.Debug|x64.Build.0 = Debug|Any CPU
		{449C5591-9B31-4935-A4B2-128842E7ECC5}.Debug|x86.ActiveCfg = Debug|Any CPU
		{449C5591-9B31-4935-A4B2-128842E7ECC5}.Debug|x86.Build.0 = Debug|Any CPU
		{449C5591-9B31-4935-A4B2-128842E7ECC5}.Release|Any CPU.ActiveCfg = Release|Any CPU
		{449C5591-9B31-4935-A4B2-128842E7ECC5}.Release|Any CPU.Build.0 = Release|Any CPU
		{449C5591-9B31-4935-A4B2-128842E7ECC5}.Release|x64.ActiveCfg = Release|Any CPU
		{449C5591-9B31-4935-A4B2-128842E7ECC5}.Release|x64.Build.0 = Release|Any CPU
		{449C5591-9B31-4935-A4B2-128842E7ECC5}.Release|x86.ActiveCfg = Release|Any CPU
		{449C5591-9B31-4935-A4B2-128842E7ECC5}.Release|x86.Build.0 = Release|Any CPU
		{A1B2C3D4-E5F6-7890-ABCD-EF1234567890}.Debug|Any CPU.ActiveCfg = Debug|Any CPU
		{A1B2C3D4-E5F6-7890-ABCD-EF1234567890}.Debug|Any CPU.Build.0 = Debug|Any CPU
		{A1B2C3D4-E5F6-7890-ABCD-EF1234567890}.Debug|x64.ActiveCfg = Debug|Any CPU
		{A1B2C3D4-E5F6-7890-ABCD-EF1234567890}.Debug|x64.Build.0 = Debug|Any CPU
		{A1B2C3D4-E5F6-7890-ABCD-EF1234567890}.Debug|x86.ActiveCfg = Debug|Any CPU
		{A1B2C3D4-E5F6-7890-ABCD-EF1234567890}.Debug|x86.Build.0 = Debug|Any CPU
		{A1B2C3D4-E5F6-7890-ABCD-EF1234567890}.Release|Any CPU.ActiveCfg = Release|Any CPU
		{A1B2C3D4-E5F6-7890-ABCD-EF1234567890}.Release|Any CPU.Build.0 = Release|Any CPU
		{A1B2C3D4-E5F6-7890-ABCD-EF1234567890}.Release|x64.ActiveCfg = Release|Any CPU
		{A1B2C3D4-E5F6-7890-ABCD-EF1234567890}.Release|x64.Build.0 = Release|Any CPU
		{A1B2C3D4-E5F6-7890-ABCD-EF1234567890}.Release|x86.ActiveCfg = Release|Any CPU
		{A1B2C3D4-E5F6-7890-ABCD-EF1234567890}.Release|x86.Build.0 = Release|Any CPU
		{B2C3D4E5-F6A7-8901-BCDE-F12345678901}.Debug|Any CPU.ActiveCfg = Debug|Any CPU
		{B2C3D4E5-F6A7-8901-BCDE-F12345678901}.Debug|Any CPU.Build.0 = Debug|Any CPU
		{B2C3D4E5-F6A7-8901-BCDE-F12345678901}.Debug|x64.ActiveCfg = Debug|Any CPU
		{B2C3D4E5-F6A7-8901-BCDE-F12345678901}.Debug|x64.Build.0 = Debug|Any CPU
		{B2C3D4E5-F6A7-8901-BCDE-F12345678901}.Debug|x86.ActiveCfg = Debug|Any CPU
		{B2C3D4E5-F6A7-8901-BCDE-F12345678901}.Debug|x86.Build.0 = Debug|Any CPU
		{B2C3D4E5-F6A7-8901-BCDE-F12345678901}.Release|Any CPU.ActiveCfg = Release|Any CPU
		{B2C3D4E5-F6A7-8901-BCDE-F12345678901}.Release|Any CPU.Build.0 = Release|Any CPU
		{B2C3D4E5-F6A7-8901-BCDE-F12345678901}.Release|x64.ActiveCfg = Release|Any CPU
		{B2C3D4E5-F6A7-8901-BCDE-F12345678901}.Release|x64.Build.0 = Release|Any CPU
		{B2C3D4E5-F6A7-8901-BCDE-F12345678901}.Release|x86.ActiveCfg = Release|Any CPU
		{B2C3D4E5-F6A7-8901-BCDE-F12345678901}.Release|x86.Build.0 = Release|Any CPU
		{C3D4E5F6-A7B8-9012-CDEF-123456789012}.Debug|Any CPU.ActiveCfg = Debug|Any CPU
		{C3D4E5F6-A7B8-9012-CDEF-123456789012}.Debug|Any CPU.Build.0 = Debug|Any CPU
		{C3D4E5F6-A7B8-9012-CDEF-123456789012}.Debug|x64.ActiveCfg = Debug|Any CPU
		{C3D4E5F6-A7B8-9012-CDEF-123456789012}.Debug|x64.Build.0 = Debug|Any CPU
		{C3D4E5F6-A7B8-9012-CDEF-123456789012}.Debug|x86.ActiveCfg = Debug|Any CPU
		{C3D4E5F6-A7B8-9012-CDEF-123456789012}.Debug|x86.Build.0 = Debug|Any CPU
		{C3D4E5F6-A7B8-9012-CDEF-123456789012}.Release|Any CPU.ActiveCfg = Release|Any CPU
		{C3D4E5F6-A7B8-9012-CDEF-123456789012}.Release|Any CPU.Build.0 = Release|Any CPU
		{C3D4E5F6-A7B8-9012-CDEF-123456789012}.Release|x64.ActiveCfg = Release|Any CPU
		{C3D4E5F6-A7B8-9012-CDEF-123456789012}.Release|x64.Build.0 = Release|Any CPU
		{C3D4E5F6-A7B8-9012-CDEF-123456789012}.Release|x86.ActiveCfg = Release|Any CPU
		{C3D4E5F6-A7B8-9012-CDEF-123456789012}.Release|x86.Build.0 = Release|Any CPU
		{A9B8C7D6-E5F4-3210-FEDC-BA9876543210}.Debug|Any CPU.ActiveCfg = Debug|Any CPU
		{A9B8C7D6-E5F4-3210-FEDC-BA9876543210}.Debug|Any CPU.Build.0 = Debug|Any CPU
		{A9B8C7D6-E5F4-3210-FEDC-BA9876543210}.Debug|x64.ActiveCfg = Debug|Any CPU
		{A9B8C7D6-E5F4-3210-FEDC-BA9876543210}.Debug|x64.Build.0 = Debug|Any CPU
		{A9B8C7D6-E5F4-3210-FEDC-BA9876543210}.Debug|x86.ActiveCfg = Debug|Any CPU
		{A9B8C7D6-E5F4-3210-FEDC-BA9876543210}.Debug|x86.Build.0 = Debug|Any CPU
		{A9B8C7D6-E5F4-3210-FEDC-BA9876543210}.Release|Any CPU.ActiveCfg = Release|Any CPU
		{A9B8C7D6-E5F4-3210-FEDC-BA9876543210}.Release|Any CPU.Build.0 = Release|Any CPU
		{A9B8C7D6-E5F4-3210-FEDC-BA9876543210}.Release|x64.ActiveCfg = Release|Any CPU
		{A9B8C7D6-E5F4-3210-FEDC-BA9876543210}.Release|x64.Build.0 = Release|Any CPU
		{A9B8C7D6-E5F4-3210-FEDC-BA9876543210}.Release|x86.ActiveCfg = Release|Any CPU
		{A9B8C7D6-E5F4-3210-FEDC-BA9876543210}.Release|x86.Build.0 = Release|Any CPU
		{D4E5F6A7-B8C9-0123-DEFA-234567890123}.Debug|Any CPU.ActiveCfg = Debug|Any CPU
		{D4E5F6A7-B8C9-0123-DEFA-234567890123}.Debug|Any CPU.Build.0 = Debug|Any CPU
		{D4E5F6A7-B8C9-0123-DEFA-234567890123}.Debug|x64.ActiveCfg = Debug|Any CPU
		{D4E5F6A7-B8C9-0123-DEFA-234567890123}.Debug|x64.Build.0 = Debug|Any CPU
		{D4E5F6A7-B8C9-0123-DEFA-234567890123}.Debug|x86.ActiveCfg = Debug|Any CPU
		{D4E5F6A7-B8C9-0123-DEFA-234567890123}.Debug|x86.Build.0 = Debug|Any CPU
		{D4E5F6A7-B8C9-0123-DEFA-234567890123}.Release|Any CPU.ActiveCfg = Release|Any CPU
		{D4E5F6A7-B8C9-0123-DEFA-234567890123}.Release|Any CPU.Build.0 = Release|Any CPU
		{D4E5F6A7-B8C9-0123-DEFA-234567890123}.Release|x64.ActiveCfg = Release|Any CPU
		{D4E5F6A7-B8C9-0123-DEFA-234567890123}.Release|x64.Build.0 = Release|Any CPU
		{D4E5F6A7-B8C9-0123-DEFA-234567890123}.Release|x86.ActiveCfg = Release|Any CPU
		{D4E5F6A7-B8C9-0123-DEFA-234567890123}.Release|x86.Build.0 = Release|Any CPU
		{E5F6A7B8-C9D0-1234-EFAB-345678901234}.Debug|Any CPU.ActiveCfg = Debug|Any CPU
		{E5F6A7B8-C9D0-1234-EFAB-345678901234}.Debug|Any CPU.Build.0 = Debug|Any CPU
		{E5F6A7B8-C9D0-1234-EFAB-345678901234}.Debug|x64.ActiveCfg = Debug|Any CPU
		{E5F6A7B8-C9D0-1234-EFAB-345678901234}.Debug|x64.Build.0 = Debug|Any CPU
		{E5F6A7B8-C9D0-1234-EFAB-345678901234}.Debug|x86.ActiveCfg = Debug|Any CPU
		{E5F6A7B8-C9D0-1234-EFAB-345678901234}.Debug|x86.Build.0 = Debug|Any CPU
		{E5F6A7B8-C9D0-1234-EFAB-345678901234}.Release|Any CPU.ActiveCfg = Release|Any CPU
		{E5F6A7B8-C9D0-1234-EFAB-345678901234}.Release|Any CPU.Build.0 = Release|Any CPU
		{E5F6A7B8-C9D0-1234-EFAB-345678901234}.Release|x64.ActiveCfg = Release|Any CPU
		{E5F6A7B8-C9D0-1234-EFAB-345678901234}.Release|x64.Build.0 = Release|Any CPU
		{E5F6A7B8-C9D0-1234-EFAB-345678901234}.Release|x86.ActiveCfg = Release|Any CPU
		{E5F6A7B8-C9D0-1234-EFAB-345678901234}.Release|x86.Build.0 = Release|Any CPU
		{ECF232FE-E646-4CFB-85FC-555085C1E1BE}.Debug|Any CPU.ActiveCfg = Debug|Any CPU
		{ECF232FE-E646-4CFB-85FC-555085C1E1BE}.Debug|Any CPU.Build.0 = Debug|Any CPU
		{ECF232FE-E646-4CFB-85FC-555085C1E1BE}.Debug|x64.ActiveCfg = Debug|Any CPU
		{ECF232FE-E646-4CFB-85FC-555085C1E1BE}.Debug|x64.Build.0 = Debug|Any CPU
		{ECF232FE-E646-4CFB-85FC-555085C1E1BE}.Debug|x86.ActiveCfg = Debug|Any CPU
		{ECF232FE-E646-4CFB-85FC-555085C1E1BE}.Debug|x86.Build.0 = Debug|Any CPU
		{ECF232FE-E646-4CFB-85FC-555085C1E1BE}.Release|Any CPU.ActiveCfg = Release|Any CPU
		{ECF232FE-E646-4CFB-85FC-555085C1E1BE}.Release|Any CPU.Build.0 = Release|Any CPU
		{ECF232FE-E646-4CFB-85FC-555085C1E1BE}.Release|x64.ActiveCfg = Release|Any CPU
		{ECF232FE-E646-4CFB-85FC-555085C1E1BE}.Release|x64.Build.0 = Release|Any CPU
		{ECF232FE-E646-4CFB-85FC-555085C1E1BE}.Release|x86.ActiveCfg = Release|Any CPU
		{ECF232FE-E646-4CFB-85FC-555085C1E1BE}.Release|x86.Build.0 = Release|Any CPU
		{902F1EB4-B569-4643-BCD7-06029E457F22}.Debug|Any CPU.ActiveCfg = Debug|Any CPU
		{902F1EB4-B569-4643-BCD7-06029E457F22}.Debug|Any CPU.Build.0 = Debug|Any CPU
		{902F1EB4-B569-4643-BCD7-06029E457F22}.Debug|x64.ActiveCfg = Debug|Any CPU
		{902F1EB4-B569-4643-BCD7-06029E457F22}.Debug|x64.Build.0 = Debug|Any CPU
		{902F1EB4-B569-4643-BCD7-06029E457F22}.Debug|x86.ActiveCfg = Debug|Any CPU
		{902F1EB4-B569-4643-BCD7-06029E457F22}.Debug|x86.Build.0 = Debug|Any CPU
		{902F1EB4-B569-4643-BCD7-06029E457F22}.Release|Any CPU.ActiveCfg = Release|Any CPU
		{902F1EB4-B569-4643-BCD7-06029E457F22}.Release|Any CPU.Build.0 = Release|Any CPU
		{902F1EB4-B569-4643-BCD7-06029E457F22}.Release|x64.ActiveCfg = Release|Any CPU
		{902F1EB4-B569-4643-BCD7-06029E457F22}.Release|x64.Build.0 = Release|Any CPU
		{902F1EB4-B569-4643-BCD7-06029E457F22}.Release|x86.ActiveCfg = Release|Any CPU
		{902F1EB4-B569-4643-BCD7-06029E457F22}.Release|x86.Build.0 = Release|Any CPU
		{97D8C94A-5C3E-43AA-AFCB-ADE221555A9A}.Debug|Any CPU.ActiveCfg = Debug|Any CPU
		{97D8C94A-5C3E-43AA-AFCB-ADE221555A9A}.Debug|Any CPU.Build.0 = Debug|Any CPU
		{97D8C94A-5C3E-43AA-AFCB-ADE221555A9A}.Debug|x64.ActiveCfg = Debug|Any CPU
		{97D8C94A-5C3E-43AA-AFCB-ADE221555A9A}.Debug|x64.Build.0 = Debug|Any CPU
		{97D8C94A-5C3E-43AA-AFCB-ADE221555A9A}.Debug|x86.ActiveCfg = Debug|Any CPU
		{97D8C94A-5C3E-43AA-AFCB-ADE221555A9A}.Debug|x86.Build.0 = Debug|Any CPU
		{97D8C94A-5C3E-43AA-AFCB-ADE221555A9A}.Release|Any CPU.ActiveCfg = Release|Any CPU
		{97D8C94A-5C3E-43AA-AFCB-ADE221555A9A}.Release|Any CPU.Build.0 = Release|Any CPU
		{97D8C94A-5C3E-43AA-AFCB-ADE221555A9A}.Release|x64.ActiveCfg = Release|Any CPU
		{97D8C94A-5C3E-43AA-AFCB-ADE221555A9A}.Release|x64.Build.0 = Release|Any CPU
		{97D8C94A-5C3E-43AA-AFCB-ADE221555A9A}.Release|x86.ActiveCfg = Release|Any CPU
		{97D8C94A-5C3E-43AA-AFCB-ADE221555A9A}.Release|x86.Build.0 = Release|Any CPU
		{F949F8E3-5F4D-42B3-9F07-7FC2269F1DED}.Debug|Any CPU.ActiveCfg = Debug|Any CPU
		{F949F8E3-5F4D-42B3-9F07-7FC2269F1DED}.Debug|Any CPU.Build.0 = Debug|Any CPU
		{F949F8E3-5F4D-42B3-9F07-7FC2269F1DED}.Debug|x64.ActiveCfg = Debug|Any CPU
		{F949F8E3-5F4D-42B3-9F07-7FC2269F1DED}.Debug|x64.Build.0 = Debug|Any CPU
		{F949F8E3-5F4D-42B3-9F07-7FC2269F1DED}.Debug|x86.ActiveCfg = Debug|Any CPU
		{F949F8E3-5F4D-42B3-9F07-7FC2269F1DED}.Debug|x86.Build.0 = Debug|Any CPU
		{F949F8E3-5F4D-42B3-9F07-7FC2269F1DED}.Release|Any CPU.ActiveCfg = Release|Any CPU
		{F949F8E3-5F4D-42B3-9F07-7FC2269F1DED}.Release|Any CPU.Build.0 = Release|Any CPU
		{F949F8E3-5F4D-42B3-9F07-7FC2269F1DED}.Release|x64.ActiveCfg = Release|Any CPU
		{F949F8E3-5F4D-42B3-9F07-7FC2269F1DED}.Release|x64.Build.0 = Release|Any CPU
		{F949F8E3-5F4D-42B3-9F07-7FC2269F1DED}.Release|x86.ActiveCfg = Release|Any CPU
		{F949F8E3-5F4D-42B3-9F07-7FC2269F1DED}.Release|x86.Build.0 = Release|Any CPU
		{EE19FD03-1BDE-4C3A-ABCB-F00345531CF7}.Debug|Any CPU.ActiveCfg = Debug|Any CPU
		{EE19FD03-1BDE-4C3A-ABCB-F00345531CF7}.Debug|Any CPU.Build.0 = Debug|Any CPU
		{EE19FD03-1BDE-4C3A-ABCB-F00345531CF7}.Debug|x64.ActiveCfg = Debug|Any CPU
		{EE19FD03-1BDE-4C3A-ABCB-F00345531CF7}.Debug|x64.Build.0 = Debug|Any CPU
		{EE19FD03-1BDE-4C3A-ABCB-F00345531CF7}.Debug|x86.ActiveCfg = Debug|Any CPU
		{EE19FD03-1BDE-4C3A-ABCB-F00345531CF7}.Debug|x86.Build.0 = Debug|Any CPU
		{EE19FD03-1BDE-4C3A-ABCB-F00345531CF7}.Release|Any CPU.ActiveCfg = Release|Any CPU
		{EE19FD03-1BDE-4C3A-ABCB-F00345531CF7}.Release|Any CPU.Build.0 = Release|Any CPU
		{EE19FD03-1BDE-4C3A-ABCB-F00345531CF7}.Release|x64.ActiveCfg = Release|Any CPU
		{EE19FD03-1BDE-4C3A-ABCB-F00345531CF7}.Release|x64.Build.0 = Release|Any CPU
		{EE19FD03-1BDE-4C3A-ABCB-F00345531CF7}.Release|x86.ActiveCfg = Release|Any CPU
		{EE19FD03-1BDE-4C3A-ABCB-F00345531CF7}.Release|x86.Build.0 = Release|Any CPU
		{9193E29B-D03E-463F-86DD-62AA5B0FE6D7}.Debug|Any CPU.ActiveCfg = Debug|Any CPU
		{9193E29B-D03E-463F-86DD-62AA5B0FE6D7}.Debug|Any CPU.Build.0 = Debug|Any CPU
		{9193E29B-D03E-463F-86DD-62AA5B0FE6D7}.Debug|x64.ActiveCfg = Debug|Any CPU
		{9193E29B-D03E-463F-86DD-62AA5B0FE6D7}.Debug|x64.Build.0 = Debug|Any CPU
		{9193E29B-D03E-463F-86DD-62AA5B0FE6D7}.Debug|x86.ActiveCfg = Debug|Any CPU
		{9193E29B-D03E-463F-86DD-62AA5B0FE6D7}.Debug|x86.Build.0 = Debug|Any CPU
		{9193E29B-D03E-463F-86DD-62AA5B0FE6D7}.Release|Any CPU.ActiveCfg = Release|Any CPU
		{9193E29B-D03E-463F-86DD-62AA5B0FE6D7}.Release|Any CPU.Build.0 = Release|Any CPU
		{9193E29B-D03E-463F-86DD-62AA5B0FE6D7}.Release|x64.ActiveCfg = Release|Any CPU
		{9193E29B-D03E-463F-86DD-62AA5B0FE6D7}.Release|x64.Build.0 = Release|Any CPU
		{9193E29B-D03E-463F-86DD-62AA5B0FE6D7}.Release|x86.ActiveCfg = Release|Any CPU
		{9193E29B-D03E-463F-86DD-62AA5B0FE6D7}.Release|x86.Build.0 = Release|Any CPU
		{7375E71F-2DCE-4523-9B90-A565057EAFA7}.Debug|Any CPU.ActiveCfg = Debug|Any CPU
		{7375E71F-2DCE-4523-9B90-A565057EAFA7}.Debug|Any CPU.Build.0 = Debug|Any CPU
		{7375E71F-2DCE-4523-9B90-A565057EAFA7}.Debug|x64.ActiveCfg = Debug|Any CPU
		{7375E71F-2DCE-4523-9B90-A565057EAFA7}.Debug|x64.Build.0 = Debug|Any CPU
		{7375E71F-2DCE-4523-9B90-A565057EAFA7}.Debug|x86.ActiveCfg = Debug|Any CPU
		{7375E71F-2DCE-4523-9B90-A565057EAFA7}.Debug|x86.Build.0 = Debug|Any CPU
		{7375E71F-2DCE-4523-9B90-A565057EAFA7}.Release|Any CPU.ActiveCfg = Release|Any CPU
		{7375E71F-2DCE-4523-9B90-A565057EAFA7}.Release|Any CPU.Build.0 = Release|Any CPU
		{7375E71F-2DCE-4523-9B90-A565057EAFA7}.Release|x64.ActiveCfg = Release|Any CPU
		{7375E71F-2DCE-4523-9B90-A565057EAFA7}.Release|x64.Build.0 = Release|Any CPU
		{7375E71F-2DCE-4523-9B90-A565057EAFA7}.Release|x86.ActiveCfg = Release|Any CPU
		{7375E71F-2DCE-4523-9B90-A565057EAFA7}.Release|x86.Build.0 = Release|Any CPU
		{951E8D27-0026-4694-A1B2-762266AA0390}.Debug|Any CPU.ActiveCfg = Debug|Any CPU
		{951E8D27-0026-4694-A1B2-762266AA0390}.Debug|Any CPU.Build.0 = Debug|Any CPU
		{951E8D27-0026-4694-A1B2-762266AA0390}.Debug|x64.ActiveCfg = Debug|Any CPU
		{951E8D27-0026-4694-A1B2-762266AA0390}.Debug|x64.Build.0 = Debug|Any CPU
		{951E8D27-0026-4694-A1B2-762266AA0390}.Debug|x86.ActiveCfg = Debug|Any CPU
		{951E8D27-0026-4694-A1B2-762266AA0390}.Debug|x86.Build.0 = Debug|Any CPU
		{951E8D27-0026-4694-A1B2-762266AA0390}.Release|Any CPU.ActiveCfg = Release|Any CPU
		{951E8D27-0026-4694-A1B2-762266AA0390}.Release|Any CPU.Build.0 = Release|Any CPU
		{951E8D27-0026-4694-A1B2-762266AA0390}.Release|x64.ActiveCfg = Release|Any CPU
		{951E8D27-0026-4694-A1B2-762266AA0390}.Release|x64.Build.0 = Release|Any CPU
		{951E8D27-0026-4694-A1B2-762266AA0390}.Release|x86.ActiveCfg = Release|Any CPU
		{951E8D27-0026-4694-A1B2-762266AA0390}.Release|x86.Build.0 = Release|Any CPU
		{B88E9253-0830-4EE2-8803-39198B1BDFAD}.Debug|Any CPU.ActiveCfg = Debug|Any CPU
		{B88E9253-0830-4EE2-8803-39198B1BDFAD}.Debug|Any CPU.Build.0 = Debug|Any CPU
		{B88E9253-0830-4EE2-8803-39198B1BDFAD}.Debug|x64.ActiveCfg = Debug|Any CPU
		{B88E9253-0830-4EE2-8803-39198B1BDFAD}.Debug|x64.Build.0 = Debug|Any CPU
		{B88E9253-0830-4EE2-8803-39198B1BDFAD}.Debug|x86.ActiveCfg = Debug|Any CPU
		{B88E9253-0830-4EE2-8803-39198B1BDFAD}.Debug|x86.Build.0 = Debug|Any CPU
		{B88E9253-0830-4EE2-8803-39198B1BDFAD}.Release|Any CPU.ActiveCfg = Release|Any CPU
		{B88E9253-0830-4EE2-8803-39198B1BDFAD}.Release|Any CPU.Build.0 = Release|Any CPU
		{B88E9253-0830-4EE2-8803-39198B1BDFAD}.Release|x64.ActiveCfg = Release|Any CPU
		{B88E9253-0830-4EE2-8803-39198B1BDFAD}.Release|x64.Build.0 = Release|Any CPU
		{B88E9253-0830-4EE2-8803-39198B1BDFAD}.Release|x86.ActiveCfg = Release|Any CPU
		{B88E9253-0830-4EE2-8803-39198B1BDFAD}.Release|x86.Build.0 = Release|Any CPU
		{C3AA13AC-BBBA-46A8-BE52-7DB723A651D0}.Debug|Any CPU.ActiveCfg = Debug|Any CPU
		{C3AA13AC-BBBA-46A8-BE52-7DB723A651D0}.Debug|Any CPU.Build.0 = Debug|Any CPU
		{C3AA13AC-BBBA-46A8-BE52-7DB723A651D0}.Debug|x64.ActiveCfg = Debug|Any CPU
		{C3AA13AC-BBBA-46A8-BE52-7DB723A651D0}.Debug|x64.Build.0 = Debug|Any CPU
		{C3AA13AC-BBBA-46A8-BE52-7DB723A651D0}.Debug|x86.ActiveCfg = Debug|Any CPU
		{C3AA13AC-BBBA-46A8-BE52-7DB723A651D0}.Debug|x86.Build.0 = Debug|Any CPU
		{C3AA13AC-BBBA-46A8-BE52-7DB723A651D0}.Release|Any CPU.ActiveCfg = Release|Any CPU
		{C3AA13AC-BBBA-46A8-BE52-7DB723A651D0}.Release|Any CPU.Build.0 = Release|Any CPU
		{C3AA13AC-BBBA-46A8-BE52-7DB723A651D0}.Release|x64.ActiveCfg = Release|Any CPU
		{C3AA13AC-BBBA-46A8-BE52-7DB723A651D0}.Release|x64.Build.0 = Release|Any CPU
		{C3AA13AC-BBBA-46A8-BE52-7DB723A651D0}.Release|x86.ActiveCfg = Release|Any CPU
		{C3AA13AC-BBBA-46A8-BE52-7DB723A651D0}.Release|x86.Build.0 = Release|Any CPU
		{F61314B1-0593-4751-9112-D8DB0BBBB62F}.Debug|Any CPU.ActiveCfg = Debug|Any CPU
		{F61314B1-0593-4751-9112-D8DB0BBBB62F}.Debug|Any CPU.Build.0 = Debug|Any CPU
		{F61314B1-0593-4751-9112-D8DB0BBBB62F}.Debug|x64.ActiveCfg = Debug|Any CPU
		{F61314B1-0593-4751-9112-D8DB0BBBB62F}.Debug|x64.Build.0 = Debug|Any CPU
		{F61314B1-0593-4751-9112-D8DB0BBBB62F}.Debug|x86.ActiveCfg = Debug|Any CPU
		{F61314B1-0593-4751-9112-D8DB0BBBB62F}.Debug|x86.Build.0 = Debug|Any CPU
		{F61314B1-0593-4751-9112-D8DB0BBBB62F}.Release|Any CPU.ActiveCfg = Release|Any CPU
		{F61314B1-0593-4751-9112-D8DB0BBBB62F}.Release|Any CPU.Build.0 = Release|Any CPU
		{F61314B1-0593-4751-9112-D8DB0BBBB62F}.Release|x64.ActiveCfg = Release|Any CPU
		{F61314B1-0593-4751-9112-D8DB0BBBB62F}.Release|x64.Build.0 = Release|Any CPU
		{F61314B1-0593-4751-9112-D8DB0BBBB62F}.Release|x86.ActiveCfg = Release|Any CPU
		{F61314B1-0593-4751-9112-D8DB0BBBB62F}.Release|x86.Build.0 = Release|Any CPU
		{E969FA36-E5A3-4CC1-B1BB-C8079C30CD28}.Debug|Any CPU.ActiveCfg = Debug|Any CPU
		{E969FA36-E5A3-4CC1-B1BB-C8079C30CD28}.Debug|Any CPU.Build.0 = Debug|Any CPU
		{E969FA36-E5A3-4CC1-B1BB-C8079C30CD28}.Debug|x64.ActiveCfg = Debug|Any CPU
		{E969FA36-E5A3-4CC1-B1BB-C8079C30CD28}.Debug|x64.Build.0 = Debug|Any CPU
		{E969FA36-E5A3-4CC1-B1BB-C8079C30CD28}.Debug|x86.ActiveCfg = Debug|Any CPU
		{E969FA36-E5A3-4CC1-B1BB-C8079C30CD28}.Debug|x86.Build.0 = Debug|Any CPU
		{E969FA36-E5A3-4CC1-B1BB-C8079C30CD28}.Release|Any CPU.ActiveCfg = Release|Any CPU
		{E969FA36-E5A3-4CC1-B1BB-C8079C30CD28}.Release|Any CPU.Build.0 = Release|Any CPU
		{E969FA36-E5A3-4CC1-B1BB-C8079C30CD28}.Release|x64.ActiveCfg = Release|Any CPU
		{E969FA36-E5A3-4CC1-B1BB-C8079C30CD28}.Release|x64.Build.0 = Release|Any CPU
		{E969FA36-E5A3-4CC1-B1BB-C8079C30CD28}.Release|x86.ActiveCfg = Release|Any CPU
		{E969FA36-E5A3-4CC1-B1BB-C8079C30CD28}.Release|x86.Build.0 = Release|Any CPU
		{A5B6C7D8-E9F0-4321-ABCD-EF0123456789}.Debug|Any CPU.ActiveCfg = Debug|Any CPU
		{A5B6C7D8-E9F0-4321-ABCD-EF0123456789}.Debug|Any CPU.Build.0 = Debug|Any CPU
		{A5B6C7D8-E9F0-4321-ABCD-EF0123456789}.Debug|x64.ActiveCfg = Debug|Any CPU
		{A5B6C7D8-E9F0-4321-ABCD-EF0123456789}.Debug|x64.Build.0 = Debug|Any CPU
		{A5B6C7D8-E9F0-4321-ABCD-EF0123456789}.Debug|x86.ActiveCfg = Debug|Any CPU
		{A5B6C7D8-E9F0-4321-ABCD-EF0123456789}.Debug|x86.Build.0 = Debug|Any CPU
		{A5B6C7D8-E9F0-4321-ABCD-EF0123456789}.Release|Any CPU.ActiveCfg = Release|Any CPU
		{A5B6C7D8-E9F0-4321-ABCD-EF0123456789}.Release|Any CPU.Build.0 = Release|Any CPU
		{A5B6C7D8-E9F0-4321-ABCD-EF0123456789}.Release|x64.ActiveCfg = Release|Any CPU
		{A5B6C7D8-E9F0-4321-ABCD-EF0123456789}.Release|x64.Build.0 = Release|Any CPU
		{A5B6C7D8-E9F0-4321-ABCD-EF0123456789}.Release|x86.ActiveCfg = Release|Any CPU
		{A5B6C7D8-E9F0-4321-ABCD-EF0123456789}.Release|x86.Build.0 = Release|Any CPU
	EndGlobalSection
	GlobalSection(SolutionProperties) = preSolution
		HideSolutionNode = FALSE
	EndGlobalSection
	GlobalSection(NestedProjects) = preSolution
		{F8860757-71B6-407D-B3F2-9E0FB68146A9} = {FBF56CC3-7AE6-AD2D-3F14-7F97FD322CD6}
		{286CBABC-75E1-49D6-9248-B386B007B92C} = {5A6B7C8D-9E0F-4321-ABCD-EF0123456789}
		{449C5591-9B31-4935-A4B2-128842E7ECC5} = {5A6B7C8D-9E0F-4321-ABCD-EF0123456789}
		{B1C2D3E4-F5A6-7890-BCDE-F01234567890} = {5A6B7C8D-9E0F-4321-ABCD-EF0123456789}
		{A1B2C3D4-E5F6-7890-ABCD-EF1234567890} = {FBF56CC3-7AE6-AD2D-3F14-7F97FD322CD6}
		{B2C3D4E5-F6A7-8901-BCDE-F12345678901} = {5A6B7C8D-9E0F-4321-ABCD-EF0123456789}
		{C3D4E5F6-A7B8-9012-CDEF-123456789012} = {188FD46D-F977-CEEC-A207-D22E77EB1264}
		{A9B8C7D6-E5F4-3210-FEDC-BA9876543210} = {188FD46D-F977-CEEC-A207-D22E77EB1264}
		{D4E5F6A7-B8C9-0123-DEFA-234567890123} = {FBF56CC3-7AE6-AD2D-3F14-7F97FD322CD6}
		{E5F6A7B8-C9D0-1234-EFAB-345678901234} = {FBF56CC3-7AE6-AD2D-3F14-7F97FD322CD6}
		{ECF232FE-E646-4CFB-85FC-555085C1E1BE} = {B36A84DF-456D-A817-6EDD-3EC3E7F6E11F}
		{902F1EB4-B569-4643-BCD7-06029E457F22} = {5A6B7C8D-9E0F-4321-ABCD-EF0123456789}
		{A5B6C7D8-E9F0-4321-ABCD-EF0123456789} = {5A6B7C8D-9E0F-4321-ABCD-EF0123456789}
		{97D8C94A-5C3E-43AA-AFCB-ADE221555A9A} = {E82C3CE9-5C08-2220-110F-95EADBAB7019}
		{F949F8E3-5F4D-42B3-9F07-7FC2269F1DED} = {E82C3CE9-5C08-2220-110F-95EADBAB7019}
		{EE19FD03-1BDE-4C3A-ABCB-F00345531CF7} = {E82C3CE9-5C08-2220-110F-95EADBAB7019}
		{9193E29B-D03E-463F-86DD-62AA5B0FE6D7} = {FBF56CC3-7AE6-AD2D-3F14-7F97FD322CD6}
		{7375E71F-2DCE-4523-9B90-A565057EAFA7} = {D9007A03-FD03-1159-6598-E081D0A1BEBA}
		{951E8D27-0026-4694-A1B2-762266AA0390} = {D9007A03-FD03-1159-6598-E081D0A1BEBA}
		{B88E9253-0830-4EE2-8803-39198B1BDFAD} = {D9007A03-FD03-1159-6598-E081D0A1BEBA}
		{C3AA13AC-BBBA-46A8-BE52-7DB723A651D0} = {D9007A03-FD03-1159-6598-E081D0A1BEBA}
		{F61314B1-0593-4751-9112-D8DB0BBBB62F} = {D9007A03-FD03-1159-6598-E081D0A1BEBA}
		{E969FA36-E5A3-4CC1-B1BB-C8079C30CD28} = {D9007A03-FD03-1159-6598-E081D0A1BEBA}
		{188FD46D-F977-CEEC-A207-D22E77EB1264} = {07D57EEB-2F50-60C4-C011-FE4FA775C9A8}
	EndGlobalSection
EndGlobal
